
Microsoft Visual Studio Solution File, Format Version 12.00
# Visual Studio 14
VisualStudioVersion = 14.0.25123.0
MinimumVisualStudioVersion = 10.0.40219.1
Project("{8BB2217D-0F2D-49D1-97BC-3654ED321F3B}") = "PubnubNetPlatform", "PubnubNetPlatform\PubnubNetPlatform.xproj", "{BEFD6D28-A56D-447B-9D7F-2ECEB0CA5F60}"
EndProject
Project("{FAE04EC0-301F-11D3-BF4B-00C04F79EFBC}") = "PubnubWindowsStore", "PubnubWindowsStore\PubnubWindowsStore.csproj", "{35C0120F-C8B8-44AA-918A-E77C08027AA1}"
EndProject
Project("{FAE04EC0-301F-11D3-BF4B-00C04F79EFBC}") = "PubnubWindowsPhone", "PubnubWindowsPhone\PubnubWindowsPhone.csproj", "{D069156D-FB07-40B0-9664-A0E9B03570BF}"
EndProject
Global
	GlobalSection(SolutionConfigurationPlatforms) = preSolution
		Debug|Any CPU = Debug|Any CPU
		Debug|ARM = Debug|ARM
		Debug|x64 = Debug|x64
		Debug|x86 = Debug|x86
		Release|Any CPU = Release|Any CPU
		Release|ARM = Release|ARM
		Release|x64 = Release|x64
		Release|x86 = Release|x86
	EndGlobalSection
	GlobalSection(ProjectConfigurationPlatforms) = postSolution
		{BEFD6D28-A56D-447B-9D7F-2ECEB0CA5F60}.Debug|Any CPU.ActiveCfg = Debug|Any CPU
		{BEFD6D28-A56D-447B-9D7F-2ECEB0CA5F60}.Debug|Any CPU.Build.0 = Debug|Any CPU
		{BEFD6D28-A56D-447B-9D7F-2ECEB0CA5F60}.Debug|ARM.ActiveCfg = Debug|Any CPU
		{BEFD6D28-A56D-447B-9D7F-2ECEB0CA5F60}.Debug|ARM.Build.0 = Debug|Any CPU
		{BEFD6D28-A56D-447B-9D7F-2ECEB0CA5F60}.Debug|x64.ActiveCfg = Debug|Any CPU
		{BEFD6D28-A56D-447B-9D7F-2ECEB0CA5F60}.Debug|x64.Build.0 = Debug|Any CPU
		{BEFD6D28-A56D-447B-9D7F-2ECEB0CA5F60}.Debug|x86.ActiveCfg = Debug|Any CPU
		{BEFD6D28-A56D-447B-9D7F-2ECEB0CA5F60}.Debug|x86.Build.0 = Debug|Any CPU
		{BEFD6D28-A56D-447B-9D7F-2ECEB0CA5F60}.Release|Any CPU.ActiveCfg = Release|Any CPU
		{BEFD6D28-A56D-447B-9D7F-2ECEB0CA5F60}.Release|Any CPU.Build.0 = Release|Any CPU
		{BEFD6D28-A56D-447B-9D7F-2ECEB0CA5F60}.Release|ARM.ActiveCfg = Release|Any CPU
		{BEFD6D28-A56D-447B-9D7F-2ECEB0CA5F60}.Release|ARM.Build.0 = Release|Any CPU
		{BEFD6D28-A56D-447B-9D7F-2ECEB0CA5F60}.Release|x64.ActiveCfg = Release|Any CPU
		{BEFD6D28-A56D-447B-9D7F-2ECEB0CA5F60}.Release|x64.Build.0 = Release|Any CPU
		{BEFD6D28-A56D-447B-9D7F-2ECEB0CA5F60}.Release|x86.ActiveCfg = Release|Any CPU
		{BEFD6D28-A56D-447B-9D7F-2ECEB0CA5F60}.Release|x86.Build.0 = Release|Any CPU
		{35C0120F-C8B8-44AA-918A-E77C08027AA1}.Debug|Any CPU.ActiveCfg = Debug|Any CPU
		{35C0120F-C8B8-44AA-918A-E77C08027AA1}.Debug|Any CPU.Build.0 = Debug|Any CPU
		{35C0120F-C8B8-44AA-918A-E77C08027AA1}.Debug|Any CPU.Deploy.0 = Debug|Any CPU
		{35C0120F-C8B8-44AA-918A-E77C08027AA1}.Debug|ARM.ActiveCfg = Debug|ARM
		{35C0120F-C8B8-44AA-918A-E77C08027AA1}.Debug|ARM.Build.0 = Debug|ARM
		{35C0120F-C8B8-44AA-918A-E77C08027AA1}.Debug|ARM.Deploy.0 = Debug|ARM
		{35C0120F-C8B8-44AA-918A-E77C08027AA1}.Debug|x64.ActiveCfg = Debug|x64
		{35C0120F-C8B8-44AA-918A-E77C08027AA1}.Debug|x64.Build.0 = Debug|x64
		{35C0120F-C8B8-44AA-918A-E77C08027AA1}.Debug|x64.Deploy.0 = Debug|x64
		{35C0120F-C8B8-44AA-918A-E77C08027AA1}.Debug|x86.ActiveCfg = Debug|x86
		{35C0120F-C8B8-44AA-918A-E77C08027AA1}.Debug|x86.Build.0 = Debug|x86
		{35C0120F-C8B8-44AA-918A-E77C08027AA1}.Debug|x86.Deploy.0 = Debug|x86
		{35C0120F-C8B8-44AA-918A-E77C08027AA1}.Release|Any CPU.ActiveCfg = Release|Any CPU
		{35C0120F-C8B8-44AA-918A-E77C08027AA1}.Release|Any CPU.Build.0 = Release|Any CPU
		{35C0120F-C8B8-44AA-918A-E77C08027AA1}.Release|Any CPU.Deploy.0 = Release|Any CPU
		{35C0120F-C8B8-44AA-918A-E77C08027AA1}.Release|ARM.ActiveCfg = Release|ARM
		{35C0120F-C8B8-44AA-918A-E77C08027AA1}.Release|ARM.Build.0 = Release|ARM
		{35C0120F-C8B8-44AA-918A-E77C08027AA1}.Release|ARM.Deploy.0 = Release|ARM
		{35C0120F-C8B8-44AA-918A-E77C08027AA1}.Release|x64.ActiveCfg = Release|x64
		{35C0120F-C8B8-44AA-918A-E77C08027AA1}.Release|x64.Build.0 = Release|x64
		{35C0120F-C8B8-44AA-918A-E77C08027AA1}.Release|x64.Deploy.0 = Release|x64
		{35C0120F-C8B8-44AA-918A-E77C08027AA1}.Release|x86.ActiveCfg = Release|x86
		{35C0120F-C8B8-44AA-918A-E77C08027AA1}.Release|x86.Build.0 = Release|x86
		{35C0120F-C8B8-44AA-918A-E77C08027AA1}.Release|x86.Deploy.0 = Release|x86
		{D069156D-FB07-40B0-9664-A0E9B03570BF}.Debug|Any CPU.ActiveCfg = Debug|Any CPU
		{D069156D-FB07-40B0-9664-A0E9B03570BF}.Debug|Any CPU.Build.0 = Debug|Any CPU
		{D069156D-FB07-40B0-9664-A0E9B03570BF}.Debug|Any CPU.Deploy.0 = Debug|Any CPU
		{D069156D-FB07-40B0-9664-A0E9B03570BF}.Debug|ARM.ActiveCfg = Debug|ARM
		{D069156D-FB07-40B0-9664-A0E9B03570BF}.Debug|ARM.Build.0 = Debug|ARM
		{D069156D-FB07-40B0-9664-A0E9B03570BF}.Debug|ARM.Deploy.0 = Debug|ARM
		{D069156D-FB07-40B0-9664-A0E9B03570BF}.Debug|x64.ActiveCfg = Debug|Any CPU
		{D069156D-FB07-40B0-9664-A0E9B03570BF}.Debug|x64.Build.0 = Debug|Any CPU
		{D069156D-FB07-40B0-9664-A0E9B03570BF}.Debug|x64.Deploy.0 = Debug|Any CPU
		{D069156D-FB07-40B0-9664-A0E9B03570BF}.Debug|x86.ActiveCfg = Debug|x86
		{D069156D-FB07-40B0-9664-A0E9B03570BF}.Debug|x86.Build.0 = Debug|x86
		{D069156D-FB07-40B0-9664-A0E9B03570BF}.Debug|x86.Deploy.0 = Debug|x86
		{D069156D-FB07-40B0-9664-A0E9B03570BF}.Release|Any CPU.ActiveCfg = Release|Any CPU
		{D069156D-FB07-40B0-9664-A0E9B03570BF}.Release|Any CPU.Build.0 = Release|Any CPU
		{D069156D-FB07-40B0-9664-A0E9B03570BF}.Release|Any CPU.Deploy.0 = Release|Any CPU
		{D069156D-FB07-40B0-9664-A0E9B03570BF}.Release|ARM.ActiveCfg = Release|ARM
		{D069156D-FB07-40B0-9664-A0E9B03570BF}.Release|ARM.Build.0 = Release|ARM
		{D069156D-FB07-40B0-9664-A0E9B03570BF}.Release|ARM.Deploy.0 = Release|ARM
		{D069156D-FB07-40B0-9664-A0E9B03570BF}.Release|x64.ActiveCfg = Release|Any CPU
		{D069156D-FB07-40B0-9664-A0E9B03570BF}.Release|x64.Build.0 = Release|Any CPU
		{D069156D-FB07-40B0-9664-A0E9B03570BF}.Release|x64.Deploy.0 = Release|Any CPU
		{D069156D-FB07-40B0-9664-A0E9B03570BF}.Release|x86.ActiveCfg = Release|x86
		{D069156D-FB07-40B0-9664-A0E9B03570BF}.Release|x86.Build.0 = Release|x86
		{D069156D-FB07-40B0-9664-A0E9B03570BF}.Release|x86.Deploy.0 = Release|x86
	EndGlobalSection
	GlobalSection(SolutionProperties) = preSolution
		HideSolutionNode = FALSE
	EndGlobalSection
EndGlobal
